
Microsoft Visual Studio Solution File, Format Version 12.00
# Visual Studio Version 16
VisualStudioVersion = 16.0.30128.36
MinimumVisualStudioVersion = 10.0.40219.1
Project("{9A19103F-16F7-4668-BE54-9A1E7A4F7556}") = "EmporiaEnergyApi", "EmporiaEnergyApi\EmporiaEnergyApi.csproj", "{072CCD90-07CA-401D-8445-5847303FC3EC}"
EndProject
Project("{9A19103F-16F7-4668-BE54-9A1E7A4F7556}") = "EmporiaUnitTest", "EmporiaUnitTest\EmporiaUnitTest.csproj", "{2D7AC994-32EC-42E0-8B75-16C6D8102799}"
EndProject
Project("{FAE04EC0-301F-11D3-BF4B-00C04F79EFBC}") = "EmporiaBlazor", "EmporiaBlazor\EmporiaBlazor.csproj", "{B83A85C5-62C5-4E84-B8A0-B661ADFBCB1B}"
EndProject
Global
	GlobalSection(SolutionConfigurationPlatforms) = preSolution
		Debug|Any CPU = Debug|Any CPU
		Release|Any CPU = Release|Any CPU
	EndGlobalSection
	GlobalSection(ProjectConfigurationPlatforms) = postSolution
		{072CCD90-07CA-401D-8445-5847303FC3EC}.Debug|Any CPU.ActiveCfg = Debug|Any CPU
		{072CCD90-07CA-401D-8445-5847303FC3EC}.Debug|Any CPU.Build.0 = Debug|Any CPU
		{072CCD90-07CA-401D-8445-5847303FC3EC}.Release|Any CPU.ActiveCfg = Release|Any CPU
		{072CCD90-07CA-401D-8445-5847303FC3EC}.Release|Any CPU.Build.0 = Release|Any CPU
		{2D7AC994-32EC-42E0-8B75-16C6D8102799}.Debug|Any CPU.ActiveCfg = Debug|Any CPU
		{2D7AC994-32EC-42E0-8B75-16C6D8102799}.Debug|Any CPU.Build.0 = Debug|Any CPU
		{2D7AC994-32EC-42E0-8B75-16C6D8102799}.Release|Any CPU.ActiveCfg = Release|Any CPU
		{2D7AC994-32EC-42E0-8B75-16C6D8102799}.Release|Any CPU.Build.0 = Release|Any CPU
		{B83A85C5-62C5-4E84-B8A0-B661ADFBCB1B}.Debug|Any CPU.ActiveCfg = Debug|Any CPU
		{B83A85C5-62C5-4E84-B8A0-B661ADFBCB1B}.Debug|Any CPU.Build.0 = Debug|Any CPU
		{B83A85C5-62C5-4E84-B8A0-B661ADFBCB1B}.Release|Any CPU.ActiveCfg = Release|Any CPU
		{B83A85C5-62C5-4E84-B8A0-B661ADFBCB1B}.Release|Any CPU.Build.0 = Release|Any CPU
	EndGlobalSection
	GlobalSection(SolutionProperties) = preSolution
		HideSolutionNode = FALSE
	EndGlobalSection
	GlobalSection(ExtensibilityGlobals) = postSolution
		SolutionGuid = {812AC0D7-6C00-4884-8E17-91881C39BDA9}
	EndGlobalSection
EndGlobal
